
Microsoft Visual Studio Solution File, Format Version 12.00
# Visual Studio Version 17
VisualStudioVersion = 17.9.34607.119
MinimumVisualStudioVersion = 10.0.40219.1
Project("{9A19103F-16F7-4668-BE54-9A1E7A4F7556}") = "BlogApplication.Server", "BlogApplication.Server\BlogApplication.Server.csproj", "{C2810083-30F4-4E45-9340-11E4FD815FD3}"
EndProject
Project("{54A90642-561A-4BB1-A94E-469ADEE60C69}") = "blogapplication.client", "blogapplication.client\blogapplication.client.esproj", "{D1BCD6BD-D77E-4DA2-A3B0-892520D2370B}"
EndProject
Global
	GlobalSection(SolutionConfigurationPlatforms) = preSolution
		Debug|Any CPU = Debug|Any CPU
		Release|Any CPU = Release|Any CPU
	EndGlobalSection
	GlobalSection(ProjectConfigurationPlatforms) = postSolution
		{C2810083-30F4-4E45-9340-11E4FD815FD3}.Debug|Any CPU.ActiveCfg = Debug|Any CPU
		{C2810083-30F4-4E45-9340-11E4FD815FD3}.Debug|Any CPU.Build.0 = Debug|Any CPU
		{C2810083-30F4-4E45-9340-11E4FD815FD3}.Release|Any CPU.ActiveCfg = Release|Any CPU
		{C2810083-30F4-4E45-9340-11E4FD815FD3}.Release|Any CPU.Build.0 = Release|Any CPU
		{D1BCD6BD-D77E-4DA2-A3B0-892520D2370B}.Debug|Any CPU.ActiveCfg = Debug|Any CPU
		{D1BCD6BD-D77E-4DA2-A3B0-892520D2370B}.Debug|Any CPU.Build.0 = Debug|Any CPU
		{D1BCD6BD-D77E-4DA2-A3B0-892520D2370B}.Debug|Any CPU.Deploy.0 = Debug|Any CPU
		{D1BCD6BD-D77E-4DA2-A3B0-892520D2370B}.Release|Any CPU.ActiveCfg = Release|Any CPU
		{D1BCD6BD-D77E-4DA2-A3B0-892520D2370B}.Release|Any CPU.Build.0 = Release|Any CPU
		{D1BCD6BD-D77E-4DA2-A3B0-892520D2370B}.Release|Any CPU.Deploy.0 = Release|Any CPU
	EndGlobalSection
	GlobalSection(SolutionProperties) = preSolution
		HideSolutionNode = FALSE
	EndGlobalSection
	GlobalSection(ExtensibilityGlobals) = postSolution
		SolutionGuid = {0D3730EB-3D8C-4AE0-9DA6-9976569B61A8}
	EndGlobalSection
EndGlobal
